// !$*UTF8*$!
{
	archiveVersion = 1;
	classes = {
	};
	objectVersion = 50;
	objects = {

/* Begin PBXBuildFile section */
		08CE7FD32358B318008B70B9 /* AppDelegate.swift in Sources */ = {isa = PBXBuildFile; fileRef = 08CE7FD22358B318008B70B9 /* AppDelegate.swift */; };
		08CE7FD52358B318008B70B9 /* SceneDelegate.swift in Sources */ = {isa = PBXBuildFile; fileRef = 08CE7FD42358B318008B70B9 /* SceneDelegate.swift */; };
		08CE7FD72358B318008B70B9 /* ViewController.swift in Sources */ = {isa = PBXBuildFile; fileRef = 08CE7FD62358B318008B70B9 /* ViewController.swift */; };
		08CE7FDA2358B318008B70B9 /* Main.storyboard in Resources */ = {isa = PBXBuildFile; fileRef = 08CE7FD82358B318008B70B9 /* Main.storyboard */; };
		08CE7FDC2358B319008B70B9 /* Assets.xcassets in Resources */ = {isa = PBXBuildFile; fileRef = 08CE7FDB2358B319008B70B9 /* Assets.xcassets */; };
		08CE7FDF2358B319008B70B9 /* LaunchScreen.storyboard in Resources */ = {isa = PBXBuildFile; fileRef = 08CE7FDD2358B319008B70B9 /* LaunchScreen.storyboard */; };
		08CE7FE72358B375008B70B9 /* Person.swift in Sources */ = {isa = PBXBuildFile; fileRef = 08CE7FE62358B375008B70B9 /* Person.swift */; };
		08CE7FE92358C1C6008B70B9 /* OrangeViewController.swift in Sources */ = {isa = PBXBuildFile; fileRef = 08CE7FE82358C1C6008B70B9 /* OrangeViewController.swift */; };
/* End PBXBuildFile section */

/* Begin PBXFileReference section */
		08CE7FCF2358B318008B70B9 /* DroitDeVoteSwift.app */ = {isa = PBXFileReference; explicitFileType = wrapper.application; includeInIndex = 0; path = DroitDeVoteSwift.app; sourceTree = BUILT_PRODUCTS_DIR; };
		08CE7FD22358B318008B70B9 /* AppDelegate.swift */ = {isa = PBXFileReference; lastKnownFileType = sourcecode.swift; path = AppDelegate.swift; sourceTree = "<group>"; };
		08CE7FD42358B318008B70B9 /* SceneDelegate.swift */ = {isa = PBXFileReference; lastKnownFileType = sourcecode.swift; path = SceneDelegate.swift; sourceTree = "<group>"; };
		08CE7FD62358B318008B70B9 /* ViewController.swift */ = {isa = PBXFileReference; lastKnownFileType = sourcecode.swift; path = ViewController.swift; sourceTree = "<group>"; };
		08CE7FD92358B318008B70B9 /* Base */ = {isa = PBXFileReference; lastKnownFileType = file.storyboard; name = Base; path = Base.lproj/Main.storyboard; sourceTree = "<group>"; };
		08CE7FDB2358B319008B70B9 /* Assets.xcassets */ = {isa = PBXFileReference; lastKnownFileType = folder.assetcatalog; path = Assets.xcassets; sourceTree = "<group>"; };
		08CE7FDE2358B319008B70B9 /* Base */ = {isa = PBXFileReference; lastKnownFileType = file.storyboard; name = Base; path = Base.lproj/LaunchScreen.storyboard; sourceTree = "<group>"; };
		08CE7FE02358B319008B70B9 /* Info.plist */ = {isa = PBXFileReference; lastKnownFileType = text.plist.xml; path = Info.plist; sourceTree = "<group>"; };
		08CE7FE62358B375008B70B9 /* Person.swift */ = {isa = PBXFileReference; lastKnownFileType = sourcecode.swift; path = Person.swift; sourceTree = "<group>"; };
		08CE7FE82358C1C6008B70B9 /* OrangeViewController.swift */ = {isa = PBXFileReference; lastKnownFileType = sourcecode.swift; path = OrangeViewController.swift; sourceTree = "<group>"; };
/* End PBXFileReference section */

/* Begin PBXFrameworksBuildPhase section */
		08CE7FCC2358B318008B70B9 /* Frameworks */ = {
			isa = PBXFrameworksBuildPhase;
			buildActionMask = 2147483647;
			files = (
			);
			runOnlyForDeploymentPostprocessing = 0;
		};
/* End PBXFrameworksBuildPhase section */

/* Begin PBXGroup section */
		08CE7FC62358B318008B70B9 = {
			isa = PBXGroup;
			children = (
				08CE7FD12358B318008B70B9 /* DroitDeVoteSwift */,
				08CE7FD02358B318008B70B9 /* Products */,
			);
			sourceTree = "<group>";
		};
		08CE7FD02358B318008B70B9 /* Products */ = {
			isa = PBXGroup;
			children = (
				08CE7FCF2358B318008B70B9 /* DroitDeVoteSwift.app */,
			);
			name = Products;
			sourceTree = "<group>";
		};
		08CE7FD12358B318008B70B9 /* DroitDeVoteSwift */ = {
			isa = PBXGroup;
			children = (
				08CE7FD22358B318008B70B9 /* AppDelegate.swift */,
				08CE7FD42358B318008B70B9 /* SceneDelegate.swift */,
				08CE7FD62358B318008B70B9 /* ViewController.swift */,
				08CE7FE62358B375008B70B9 /* Person.swift */,
				08CE7FD82358B318008B70B9 /* Main.storyboard */,
				08CE7FDB2358B319008B70B9 /* Assets.xcassets */,
				08CE7FDD2358B319008B70B9 /* LaunchScreen.storyboard */,
				08CE7FE02358B319008B70B9 /* Info.plist */,
				08CE7FE82358C1C6008B70B9 /* OrangeViewController.swift */,
			);
			path = DroitDeVoteSwift;
			sourceTree = "<group>";
		};
/* End PBXGroup section */

/* Begin PBXNativeTarget section */
		08CE7FCE2358B318008B70B9 /* DroitDeVoteSwift */ = {
			isa = PBXNativeTarget;
			buildConfigurationList = 08CE7FE32358B319008B70B9 /* Build configuration list for PBXNativeTarget "DroitDeVoteSwift" */;
			buildPhases = (
				08CE7FCB2358B318008B70B9 /* Sources */,
				08CE7FCC2358B318008B70B9 /* Frameworks */,
				08CE7FCD2358B318008B70B9 /* Resources */,
			);
			buildRules = (
			);
			dependencies = (
			);
			name = DroitDeVoteSwift;
			productName = DroitDeVoteSwift;
			productReference = 08CE7FCF2358B318008B70B9 /* DroitDeVoteSwift.app */;
			productType = "com.apple.product-type.application";
		};
/* End PBXNativeTarget section */

/* Begin PBXProject section */
		08CE7FC72358B318008B70B9 /* Project object */ = {
			isa = PBXProject;
			attributes = {
				LastSwiftUpdateCheck = 1100;
				LastUpgradeCheck = 1100;
				ORGANIZATIONNAME = lpiem;
				TargetAttributes = {
					08CE7FCE2358B318008B70B9 = {
						CreatedOnToolsVersion = 11.0;
					};
				};
			};
			buildConfigurationList = 08CE7FCA2358B318008B70B9 /* Build configuration list for PBXProject "DroitDeVoteSwift" */;
			compatibilityVersion = "Xcode 9.3";
			developmentRegion = en;
			hasScannedForEncodings = 0;
			knownRegions = (
				en,
				Base,
			);
			mainGroup = 08CE7FC62358B318008B70B9;
			productRefGroup = 08CE7FD02358B318008B70B9 /* Products */;
			projectDirPath = "";
			projectRoot = "";
			targets = (
				08CE7FCE2358B318008B70B9 /* DroitDeVoteSwift */,
			);
		};
/* End PBXProject section */

/* Begin PBXResourcesBuildPhase section */
		08CE7FCD2358B318008B70B9 /* Resources */ = {
			isa = PBXResourcesBuildPhase;
			buildActionMask = 2147483647;
			files = (
				08CE7FDF2358B319008B70B9 /* LaunchScreen.storyboard in Resources */,
				08CE7FDC2358B319008B70B9 /* Assets.xcassets in Resources */,
				08CE7FDA2358B318008B70B9 /* Main.storyboard in Resources */,
			);
			runOnlyForDeploymentPostprocessing = 0;
		};
/* End PBXResourcesBuildPhase section */

/* Begin PBXSourcesBuildPhase section */
		08CE7FCB2358B318008B70B9 /* Sources */ = {
			isa = PBXSourcesBuildPhase;
			buildActionMask = 2147483647;
			files = (
				08CE7FD72358B318008B70B9 /* ViewController.swift in Sources */,
				08CE7FE92358C1C6008B70B9 /* OrangeViewController.swift in Sources */,
				08CE7FD32358B318008B70B9 /* AppDelegate.swift in Sources */,
				08CE7FE72358B375008B70B9 /* Person.swift in Sources */,
				08CE7FD52358B318008B70B9 /* SceneDelegate.swift in Sources */,
			);
			runOnlyForDeploymentPostprocessing = 0;
		};
/* End PBXSourcesBuildPhase section */

/* Begin PBXVariantGroup section */
		08CE7FD82358B318008B70B9 /* Main.storyboard */ = {
			isa = PBXVariantGroup;
			children = (
				08CE7FD92358B318008B70B9 /* Base */,
			);
			name = Main.storyboard;
			sourceTree = "<group>";
		};
		08CE7FDD2358B319008B70B9 /* LaunchScreen.storyboard */ = {
			isa = PBXVariantGroup;
			children = (
				08CE7FDE2358B319008B70B9 /* Base */,
			);
			name = LaunchScreen.storyboard;
			sourceTree = "<group>";
		};
/* End PBXVariantGroup section */

/* Begin XCBuildConfiguration section */
		08CE7FE12358B319008B70B9 /* Debug */ = {
			isa = XCBuildConfiguration;
			buildSettings = {
				ALWAYS_SEARCH_USER_PATHS = NO;
				CLANG_ANALYZER_NONNULL = YES;
				CLANG_ANALYZER_NUMBER_OBJECT_CONVERSION = YES_AGGRESSIVE;
				CLANG_CXX_LANGUAGE_STANDARD = "gnu++14";
				CLANG_CXX_LIBRARY = "libc++";
				CLANG_ENABLE_MODULES = YES;
				CLANG_ENABLE_OBJC_ARC = YES;
				CLANG_ENABLE_OBJC_WEAK = YES;
				CLANG_WARN_BLOCK_CAPTURE_AUTORELEASING = YES;
				CLANG_WARN_BOOL_CONVERSION = YES;
				CLANG_WARN_COMMA = YES;
				CLANG_WARN_CONSTANT_CONVERSION = YES;
				CLANG_WARN_DEPRECATED_OBJC_IMPLEMENTATIONS = YES;
				CLANG_WARN_DIRECT_OBJC_ISA_USAGE = YES_ERROR;
				CLANG_WARN_DOCUMENTATION_COMMENTS = YES;
				CLANG_WARN_EMPTY_BODY = YES;
				CLANG_WARN_ENUM_CONVERSION = YES;
				CLANG_WARN_INFINITE_RECURSION = YES;
				CLANG_WARN_INT_CONVERSION = YES;
				CLANG_WARN_NON_LITERAL_NULL_CONVERSION = YES;
				CLANG_WARN_OBJC_IMPLICIT_RETAIN_SELF = YES;
				CLANG_WARN_OBJC_LITERAL_CONVERSION = YES;
				CLANG_WARN_OBJC_ROOT_CLASS = YES_ERROR;
				CLANG_WARN_RANGE_LOOP_ANALYSIS = YES;
				CLANG_WARN_STRICT_PROTOTYPES = YES;
				CLANG_WARN_SUSPICIOUS_MOVE = YES;
				CLANG_WARN_UNGUARDED_AVAILABILITY = YES_AGGRESSIVE;
				CLANG_WARN_UNREACHABLE_CODE = YES;
				CLANG_WARN__DUPLICATE_METHOD_MATCH = YES;
				COPY_PHASE_STRIP = NO;
				DEBUG_INFORMATION_FORMAT = dwarf;
				ENABLE_STRICT_OBJC_MSGSEND = YES;
				ENABLE_TESTABILITY = YES;
				GCC_C_LANGUAGE_STANDARD = gnu11;
				GCC_DYNAMIC_NO_PIC = NO;
				GCC_NO_COMMON_BLOCKS = YES;
				GCC_OPTIMIZATION_LEVEL = 0;
				GCC_PREPROCESSOR_DEFINITIONS = (
					"DEBUG=1",
					"$(inherited)",
				);
				GCC_WARN_64_TO_32_BIT_CONVERSION = YES;
				GCC_WARN_ABOUT_RETURN_TYPE = YES_ERROR;
				GCC_WARN_UNDECLARED_SELECTOR = YES;
				GCC_WARN_UNINITIALIZED_AUTOS = YES_AGGRESSIVE;
				GCC_WARN_UNUSED_FUNCTION = YES;
				GCC_WARN_UNUSED_VARIABLE = YES;
				IPHONEOS_DEPLOYMENT_TARGET = 13.0;
				MTL_ENABLE_DEBUG_INFO = INCLUDE_SOURCE;
				MTL_FAST_MATH = YES;
				ONLY_ACTIVE_ARCH = YES;
				SDKROOT = iphoneos;
				SWIFT_ACTIVE_COMPILATION_CONDITIONS = DEBUG;
				SWIFT_OPTIMIZATION_LEVEL = "-Onone";
			};
			name = Debug;
		};
		08CE7FE22358B319008B70B9 /* Release */ = {
			isa = XCBuildConfiguration;
			buildSettings = {
				ALWAYS_SEARCH_USER_PATHS = NO;
				CLANG_ANALYZER_NONNULL = YES;
				CLANG_ANALYZER_NUMBER_OBJECT_CONVERSION = YES_AGGRESSIVE;
				CLANG_CXX_LANGUAGE_STANDARD = "gnu++14";
				CLANG_CXX_LIBRARY = "libc++";
				CLANG_ENABLE_MODULES = YES;
				CLANG_ENABLE_OBJC_ARC = YES;
				CLANG_ENABLE_OBJC_WEAK = YES;
				CLANG_WARN_BLOCK_CAPTURE_AUTORELEASING = YES;
				CLANG_WARN_BOOL_CONVERSION = YES;
				CLANG_WARN_COMMA = YES;
				CLANG_WARN_CONSTANT_CONVERSION = YES;
				CLANG_WARN_DEPRECATED_OBJC_IMPLEMENTATIONS = YES;
				CLANG_WARN_DIRECT_OBJC_ISA_USAGE = YES_ERROR;
				CLANG_WARN_DOCUMENTATION_COMMENTS = YES;
				CLANG_WARN_EMPTY_BODY = YES;
				CLANG_WARN_ENUM_CONVERSION = YES;
				CLANG_WARN_INFINITE_RECURSION = YES;
				CLANG_WARN_INT_CONVERSION = YES;
				CLANG_WARN_NON_LITERAL_NULL_CONVERSION = YES;
				CLANG_WARN_OBJC_IMPLICIT_RETAIN_SELF = YES;
				CLANG_WARN_OBJC_LITERAL_CONVERSION = YES;
				CLANG_WARN_OBJC_ROOT_CLASS = YES_ERROR;
				CLANG_WARN_RANGE_LOOP_ANALYSIS = YES;
				CLANG_WARN_STRICT_PROTOTYPES = YES;
				CLANG_WARN_SUSPICIOUS_MOVE = YES;
				CLANG_WARN_UNGUARDED_AVAILABILITY = YES_AGGRESSIVE;
				CLANG_WARN_UNREACHABLE_CODE = YES;
				CLANG_WARN__DUPLICATE_METHOD_MATCH = YES;
				COPY_PHASE_STRIP = NO;
				DEBUG_INFORMATION_FORMAT = "dwarf-with-dsym";
				ENABLE_NS_ASSERTIONS = NO;
				ENABLE_STRICT_OBJC_MSGSEND = YES;
				GCC_C_LANGUAGE_STANDARD = gnu11;
				GCC_NO_COMMON_BLOCKS = YES;
				GCC_WARN_64_TO_32_BIT_CONVERSION = YES;
				GCC_WARN_ABOUT_RETURN_TYPE = YES_ERROR;
				GCC_WARN_UNDECLARED_SELECTOR = YES;
				GCC_WARN_UNINITIALIZED_AUTOS = YES_AGGRESSIVE;
				GCC_WARN_UNUSED_FUNCTION = YES;
				GCC_WARN_UNUSED_VARIABLE = YES;
				IPHONEOS_DEPLOYMENT_TARGET = 13.0;
				MTL_ENABLE_DEBUG_INFO = NO;
				MTL_FAST_MATH = YES;
				SDKROOT = iphoneos;
				SWIFT_COMPILATION_MODE = wholemodule;
				SWIFT_OPTIMIZATION_LEVEL = "-O";
				VALIDATE_PRODUCT = YES;
			};
			name = Release;
		};
		08CE7FE42358B319008B70B9 /* Debug */ = {
			isa = XCBuildConfiguration;
			buildSettings = {
				ASSETCATALOG_COMPILER_APPICON_NAME = AppIcon;
				CODE_SIGN_STYLE = Automatic;
				INFOPLIST_FILE = DroitDeVoteSwift/Info.plist;
				LD_RUNPATH_SEARCH_PATHS = (
					"$(inherited)",
					"@executable_path/Frameworks",
				);
				PRODUCT_BUNDLE_IDENTIFIER = com.test.DroitDeVoteSwift;
				PRODUCT_NAME = "$(TARGET_NAME)";
				SWIFT_VERSION = 5.0;
				TARGETED_DEVICE_FAMILY = "1,2";
			};
			name = Debug;
		};
		08CE7FE52358B319008B70B9 /* Release */ = {
			isa = XCBuildConfiguration;
			buildSettings = {
				ASSETCATALOG_COMPILER_APPICON_NAME = AppIcon;
				CODE_SIGN_STYLE = Automatic;
				INFOPLIST_FILE = DroitDeVoteSwift/Info.plist;
				LD_RUNPATH_SEARCH_PATHS = (
					"$(inherited)",
					"@executable_path/Frameworks",
				);
				PRODUCT_BUNDLE_IDENTIFIER = com.test.DroitDeVoteSwift;
				PRODUCT_NAME = "$(TARGET_NAME)";
				SWIFT_VERSION = 5.0;
				TARGETED_DEVICE_FAMILY = "1,2";
			};
			name = Release;
		};
/* End XCBuildConfiguration section */

/* Begin XCConfigurationList section */
		08CE7FCA2358B318008B70B9 /* Build configuration list for PBXProject "DroitDeVoteSwift" */ = {
			isa = XCConfigurationList;
			buildConfigurations = (
				08CE7FE12358B319008B70B9 /* Debug */,
				08CE7FE22358B319008B70B9 /* Release */,
			);
			defaultConfigurationIsVisible = 0;
			defaultConfigurationName = Release;
		};
		08CE7FE32358B319008B70B9 /* Build configuration list for PBXNativeTarget "DroitDeVoteSwift" */ = {
			isa = XCConfigurationList;
			buildConfigurations = (
				08CE7FE42358B319008B70B9 /* Debug */,
				08CE7FE52358B319008B70B9 /* Release */,
			);
			defaultConfigurationIsVisible = 0;
			defaultConfigurationName = Release;
		};
/* End XCConfigurationList section */
	};
	rootObject = 08CE7FC72358B318008B70B9 /* Project object */;
}
